# THIS IS AN AUTOGENERATED FILE. DO NOT EDIT THIS FILE DIRECTLY.
# yarn lockfile v1


"@esbuild/aix-ppc64@0.23.0":
  version "0.23.0"
  resolved "https://registry.yarnpkg.com/@esbuild/aix-ppc64/-/aix-ppc64-0.23.0.tgz#145b74d5e4a5223489cabdc238d8dad902df5259"
  integrity sha512-3sG8Zwa5fMcA9bgqB8AfWPQ+HFke6uD3h1s3RIwUNK8EG7a4buxvuFTs3j1IMs2NXAk9F30C/FF4vxRgQCcmoQ==

"@esbuild/android-arm64@0.23.0":
  version "0.23.0"
  resolved "https://registry.yarnpkg.com/@esbuild/android-arm64/-/android-arm64-0.23.0.tgz#453bbe079fc8d364d4c5545069e8260228559832"
  integrity sha512-EuHFUYkAVfU4qBdyivULuu03FhJO4IJN9PGuABGrFy4vUuzk91P2d+npxHcFdpUnfYKy0PuV+n6bKIpHOB3prQ==

"@esbuild/android-arm@0.23.0":
  version "0.23.0"
  resolved "https://registry.yarnpkg.com/@esbuild/android-arm/-/android-arm-0.23.0.tgz#26c806853aa4a4f7e683e519cd9d68e201ebcf99"
  integrity sha512-+KuOHTKKyIKgEEqKbGTK8W7mPp+hKinbMBeEnNzjJGyFcWsfrXjSTNluJHCY1RqhxFurdD8uNXQDei7qDlR6+g==

"@esbuild/android-x64@0.23.0":
  version "0.23.0"
  resolved "https://registry.yarnpkg.com/@esbuild/android-x64/-/android-x64-0.23.0.tgz#1e51af9a6ac1f7143769f7ee58df5b274ed202e6"
  integrity sha512-WRrmKidLoKDl56LsbBMhzTTBxrsVwTKdNbKDalbEZr0tcsBgCLbEtoNthOW6PX942YiYq8HzEnb4yWQMLQuipQ==

"@esbuild/darwin-arm64@0.23.0":
  version "0.23.0"
  resolved "https://registry.yarnpkg.com/@esbuild/darwin-arm64/-/darwin-arm64-0.23.0.tgz#d996187a606c9534173ebd78c58098a44dd7ef9e"
  integrity sha512-YLntie/IdS31H54Ogdn+v50NuoWF5BDkEUFpiOChVa9UnKpftgwzZRrI4J132ETIi+D8n6xh9IviFV3eXdxfow==

"@esbuild/darwin-x64@0.23.0":
  version "0.23.0"
  resolved "https://registry.yarnpkg.com/@esbuild/darwin-x64/-/darwin-x64-0.23.0.tgz#30c8f28a7ef4e32fe46501434ebe6b0912e9e86c"
  integrity sha512-IMQ6eme4AfznElesHUPDZ+teuGwoRmVuuixu7sv92ZkdQcPbsNHzutd+rAfaBKo8YK3IrBEi9SLLKWJdEvJniQ==

"@esbuild/freebsd-arm64@0.23.0":
  version "0.23.0"
  resolved "https://registry.yarnpkg.com/@esbuild/freebsd-arm64/-/freebsd-arm64-0.23.0.tgz#30f4fcec8167c08a6e8af9fc14b66152232e7fb4"
  integrity sha512-0muYWCng5vqaxobq6LB3YNtevDFSAZGlgtLoAc81PjUfiFz36n4KMpwhtAd4he8ToSI3TGyuhyx5xmiWNYZFyw==

"@esbuild/freebsd-x64@0.23.0":
  version "0.23.0"
  resolved "https://registry.yarnpkg.com/@esbuild/freebsd-x64/-/freebsd-x64-0.23.0.tgz#1003a6668fe1f5d4439e6813e5b09a92981bc79d"
  integrity sha512-XKDVu8IsD0/q3foBzsXGt/KjD/yTKBCIwOHE1XwiXmrRwrX6Hbnd5Eqn/WvDekddK21tfszBSrE/WMaZh+1buQ==

"@esbuild/linux-arm64@0.23.0":
  version "0.23.0"
  resolved "https://registry.yarnpkg.com/@esbuild/linux-arm64/-/linux-arm64-0.23.0.tgz#3b9a56abfb1410bb6c9138790f062587df3e6e3a"
  integrity sha512-j1t5iG8jE7BhonbsEg5d9qOYcVZv/Rv6tghaXM/Ug9xahM0nX/H2gfu6X6z11QRTMT6+aywOMA8TDkhPo8aCGw==

"@esbuild/linux-arm@0.23.0":
  version "0.23.0"
  resolved "https://registry.yarnpkg.com/@esbuild/linux-arm/-/linux-arm-0.23.0.tgz#237a8548e3da2c48cd79ae339a588f03d1889aad"
  integrity sha512-SEELSTEtOFu5LPykzA395Mc+54RMg1EUgXP+iw2SJ72+ooMwVsgfuwXo5Fn0wXNgWZsTVHwY2cg4Vi/bOD88qw==

"@esbuild/linux-ia32@0.23.0":
  version "0.23.0"
  resolved "https://registry.yarnpkg.com/@esbuild/linux-ia32/-/linux-ia32-0.23.0.tgz#4269cd19cb2de5de03a7ccfc8855dde3d284a238"
  integrity sha512-P7O5Tkh2NbgIm2R6x1zGJJsnacDzTFcRWZyTTMgFdVit6E98LTxO+v8LCCLWRvPrjdzXHx9FEOA8oAZPyApWUA==

"@esbuild/linux-loong64@0.23.0":
  version "0.23.0"
  resolved "https://registry.yarnpkg.com/@esbuild/linux-loong64/-/linux-loong64-0.23.0.tgz#82b568f5658a52580827cc891cb69d2cb4f86280"
  integrity sha512-InQwepswq6urikQiIC/kkx412fqUZudBO4SYKu0N+tGhXRWUqAx+Q+341tFV6QdBifpjYgUndV1hhMq3WeJi7A==

"@esbuild/linux-mips64el@0.23.0":
  version "0.23.0"
  resolved "https://registry.yarnpkg.com/@esbuild/linux-mips64el/-/linux-mips64el-0.23.0.tgz#9a57386c926262ae9861c929a6023ed9d43f73e5"
  integrity sha512-J9rflLtqdYrxHv2FqXE2i1ELgNjT+JFURt/uDMoPQLcjWQA5wDKgQA4t/dTqGa88ZVECKaD0TctwsUfHbVoi4w==

"@esbuild/linux-ppc64@0.23.0":
  version "0.23.0"
  resolved "https://registry.yarnpkg.com/@esbuild/linux-ppc64/-/linux-ppc64-0.23.0.tgz#f3a79fd636ba0c82285d227eb20ed8e31b4444f6"
  integrity sha512-cShCXtEOVc5GxU0fM+dsFD10qZ5UpcQ8AM22bYj0u/yaAykWnqXJDpd77ublcX6vdDsWLuweeuSNZk4yUxZwtw==

"@esbuild/linux-riscv64@0.23.0":
  version "0.23.0"
  resolved "https://registry.yarnpkg.com/@esbuild/linux-riscv64/-/linux-riscv64-0.23.0.tgz#f9d2ef8356ce6ce140f76029680558126b74c780"
  integrity sha512-HEtaN7Y5UB4tZPeQmgz/UhzoEyYftbMXrBCUjINGjh3uil+rB/QzzpMshz3cNUxqXN7Vr93zzVtpIDL99t9aRw==

"@esbuild/linux-s390x@0.23.0":
  version "0.23.0"
  resolved "https://registry.yarnpkg.com/@esbuild/linux-s390x/-/linux-s390x-0.23.0.tgz#45390f12e802201f38a0229e216a6aed4351dfe8"
  integrity sha512-WDi3+NVAuyjg/Wxi+o5KPqRbZY0QhI9TjrEEm+8dmpY9Xir8+HE/HNx2JoLckhKbFopW0RdO2D72w8trZOV+Wg==

"@esbuild/linux-x64@0.23.0":
  version "0.23.0"
  resolved "https://registry.yarnpkg.com/@esbuild/linux-x64/-/linux-x64-0.23.0.tgz#c8409761996e3f6db29abcf9b05bee8d7d80e910"
  integrity sha512-a3pMQhUEJkITgAw6e0bWA+F+vFtCciMjW/LPtoj99MhVt+Mfb6bbL9hu2wmTZgNd994qTAEw+U/r6k3qHWWaOQ==

"@esbuild/netbsd-x64@0.23.0":
  version "0.23.0"
  resolved "https://registry.yarnpkg.com/@esbuild/netbsd-x64/-/netbsd-x64-0.23.0.tgz#ba70db0114380d5f6cfb9003f1d378ce989cd65c"
  integrity sha512-cRK+YDem7lFTs2Q5nEv/HHc4LnrfBCbH5+JHu6wm2eP+d8OZNoSMYgPZJq78vqQ9g+9+nMuIsAO7skzphRXHyw==

"@esbuild/openbsd-arm64@0.23.0":
  version "0.23.0"
  resolved "https://registry.yarnpkg.com/@esbuild/openbsd-arm64/-/openbsd-arm64-0.23.0.tgz#72fc55f0b189f7a882e3cf23f332370d69dfd5db"
  integrity sha512-suXjq53gERueVWu0OKxzWqk7NxiUWSUlrxoZK7usiF50C6ipColGR5qie2496iKGYNLhDZkPxBI3erbnYkU0rQ==

"@esbuild/openbsd-x64@0.23.0":
  version "0.23.0"
  resolved "https://registry.yarnpkg.com/@esbuild/openbsd-x64/-/openbsd-x64-0.23.0.tgz#b6ae7a0911c18fe30da3db1d6d17a497a550e5d8"
  integrity sha512-6p3nHpby0DM/v15IFKMjAaayFhqnXV52aEmv1whZHX56pdkK+MEaLoQWj+H42ssFarP1PcomVhbsR4pkz09qBg==

"@esbuild/sunos-x64@0.23.0":
  version "0.23.0"
  resolved "https://registry.yarnpkg.com/@esbuild/sunos-x64/-/sunos-x64-0.23.0.tgz#58f0d5e55b9b21a086bfafaa29f62a3eb3470ad8"
  integrity sha512-BFelBGfrBwk6LVrmFzCq1u1dZbG4zy/Kp93w2+y83Q5UGYF1d8sCzeLI9NXjKyujjBBniQa8R8PzLFAUrSM9OA==

"@esbuild/win32-arm64@0.23.0":
  version "0.23.0"
  resolved "https://registry.yarnpkg.com/@esbuild/win32-arm64/-/win32-arm64-0.23.0.tgz#b858b2432edfad62e945d5c7c9e5ddd0f528ca6d"
  integrity sha512-lY6AC8p4Cnb7xYHuIxQ6iYPe6MfO2CC43XXKo9nBXDb35krYt7KGhQnOkRGar5psxYkircpCqfbNDB4uJbS2jQ==

"@esbuild/win32-ia32@0.23.0":
  version "0.23.0"
  resolved "https://registry.yarnpkg.com/@esbuild/win32-ia32/-/win32-ia32-0.23.0.tgz#167ef6ca22a476c6c0c014a58b4f43ae4b80dec7"
  integrity sha512-7L1bHlOTcO4ByvI7OXVI5pNN6HSu6pUQq9yodga8izeuB1KcT2UkHaH6118QJwopExPn0rMHIseCTx1CRo/uNA==

"@esbuild/win32-x64@0.23.0":
  version "0.23.0"
  resolved "https://registry.yarnpkg.com/@esbuild/win32-x64/-/win32-x64-0.23.0.tgz#db44a6a08520b5f25bbe409f34a59f2d4bcc7ced"
  integrity sha512-Arm+WgUFLUATuoxCJcahGuk6Yj9Pzxd6l11Zb/2aAuv5kWWvvfhLFo2fni4uSK5vzlUdCGZ/BdV5tH8klj8p8g==

"@hono/node-server@^1.12.0":
  version "1.12.0"
  resolved "https://registry.yarnpkg.com/@hono/node-server/-/node-server-1.12.0.tgz#e0a8e93811c96e3bb9fc29ba23915989bd477995"
  integrity sha512-e6oHjNiErRxsZRZBmc2KucuvY3btlO/XPncIpP2X75bRdTilF9GLjm3NHvKKunpJbbJJj31/FoPTksTf8djAVw==

"@types/listify@^1.0.2":
  version "1.0.2"
  resolved "https://registry.yarnpkg.com/@types/listify/-/listify-1.0.2.tgz#99be8d4c197aa517e502ea3cbcd3920fb61e59ce"
  integrity sha512-/Un3cImdxhd//wTMfZ4pHDuZrlo0lFMFiaD8zwksvPAcza/lqSZKbllUOMOTamNh0YoBbpGGQmGo9lI4nKveyw==

"@types/ndjson@^2.0.4":
  version "2.0.4"
  resolved "https://registry.yarnpkg.com/@types/ndjson/-/ndjson-2.0.4.tgz#c5ad9d1baec99ec5582885a444cd7493d28a1987"
  integrity sha512-ajAl7AjhFstF6waORYNSS49GL5iBKisqJlgvXuprXFKCX9fto4ordlNU3+XMgkMddgeR0WoQQBmKUk0v0dJ4pw==
  dependencies:
    "@types/node" "*"
    "@types/through" "*"

"@types/node@*":
  version "22.3.0"
  resolved "https://registry.yarnpkg.com/@types/node/-/node-22.3.0.tgz#7f8da0e2b72c27c4f9bd3cb5ef805209d04d4f9e"
  integrity sha512-nrWpWVaDZuaVc5X84xJ0vNrLvomM205oQyLsRt7OHNZbSHslcWsvgFR7O7hire2ZonjLrWBbedmotmIlJDVd6g==
  dependencies:
    undici-types "~6.18.2"

"@types/node@^20.11.17":
  version "20.14.15"
  resolved "https://registry.yarnpkg.com/@types/node/-/node-20.14.15.tgz#e59477ab7bc7db1f80c85540bfd192a0becc588b"
  integrity sha512-Fz1xDMCF/B00/tYSVMlmK7hVeLh7jE5f3B7X1/hmV0MJBwE27KlS7EvD/Yp+z1lm8mVhwV5w+n8jOZG8AfTlKw==
  dependencies:
    undici-types "~5.26.4"

"@types/through@*":
  version "0.0.33"
  resolved "https://registry.yarnpkg.com/@types/through/-/through-0.0.33.tgz#14ebf599320e1c7851e7d598149af183c6b9ea56"
  integrity sha512-HsJ+z3QuETzP3cswwtzt2vEIiHBk/dCcHGhbmG5X3ecnwFD/lPrMpliGXxSCg03L9AhrdwA4Oz/qfspkDW+xGQ==
  dependencies:
    "@types/node" "*"

esbuild@~0.23.0:
  version "0.23.0"
  resolved "https://registry.yarnpkg.com/esbuild/-/esbuild-0.23.0.tgz#de06002d48424d9fdb7eb52dbe8e95927f852599"
  integrity sha512-1lvV17H2bMYda/WaFb2jLPeHU3zml2k4/yagNMG8Q/YtfMjCwEUZa2eXXMgZTVSL5q1n4H7sQ0X6CdJDqqeCFA==
  optionalDependencies:
    "@esbuild/aix-ppc64" "0.23.0"
    "@esbuild/android-arm" "0.23.0"
    "@esbuild/android-arm64" "0.23.0"
    "@esbuild/android-x64" "0.23.0"
    "@esbuild/darwin-arm64" "0.23.0"
    "@esbuild/darwin-x64" "0.23.0"
    "@esbuild/freebsd-arm64" "0.23.0"
    "@esbuild/freebsd-x64" "0.23.0"
    "@esbuild/linux-arm" "0.23.0"
    "@esbuild/linux-arm64" "0.23.0"
    "@esbuild/linux-ia32" "0.23.0"
    "@esbuild/linux-loong64" "0.23.0"
    "@esbuild/linux-mips64el" "0.23.0"
    "@esbuild/linux-ppc64" "0.23.0"
    "@esbuild/linux-riscv64" "0.23.0"
    "@esbuild/linux-s390x" "0.23.0"
    "@esbuild/linux-x64" "0.23.0"
    "@esbuild/netbsd-x64" "0.23.0"
    "@esbuild/openbsd-arm64" "0.23.0"
    "@esbuild/openbsd-x64" "0.23.0"
    "@esbuild/sunos-x64" "0.23.0"
    "@esbuild/win32-arm64" "0.23.0"
    "@esbuild/win32-ia32" "0.23.0"
    "@esbuild/win32-x64" "0.23.0"

fsevents@~2.3.3:
  version "2.3.3"
  resolved "https://registry.yarnpkg.com/fsevents/-/fsevents-2.3.3.tgz#cac6407785d03675a2a5e1a5305c697b347d90d6"
  integrity sha512-5xoDfX+fL7faATnagmWPpbFtwh/R77WmMMqqHGS65C3vvB0YHrgF+B1YmZ3441tMj5n63k0212XNoJwzlhffQw==

get-tsconfig@^4.7.5:
  version "4.7.6"
  resolved "https://registry.yarnpkg.com/get-tsconfig/-/get-tsconfig-4.7.6.tgz#118fd5b7b9bae234cc7705a00cd771d7eb65d62a"
  integrity sha512-ZAqrLlu18NbDdRaHq+AKXzAmqIUPswPWKUchfytdAjiRFnCe5ojG2bstg6mRiZabkKfCoL/e98pbBELIV/YCeA==
  dependencies:
    resolve-pkg-maps "^1.0.0"

hono@^4.5.5:
  version "4.5.5"
  resolved "https://registry.yarnpkg.com/hono/-/hono-4.5.5.tgz#18090b0e6f16359f33b80658821697250a1147db"
  integrity sha512-fXBXHqaVfimWofbelLXci8pZyIwBMkDIwCa4OwZvK+xVbEyYLELVP4DfbGaj1aEM6ZY3hHgs4qLvCO2ChkhgQw==

inherits@^2.0.3:
  version "2.0.4"
  resolved "https://registry.yarnpkg.com/inherits/-/inherits-2.0.4.tgz#0fa2c64f932917c3433a0ded55363aae37416b7c"
  integrity sha512-k/vGaX4/Yla3WzyMCvTQOXYeIHvqOKtnqBduzTHpzpQZzAskKMhZ2K+EnBiSM9zGSoIFeMpXKxa4dYeZIQqewQ==

json-stringify-safe@^5.0.1:
  version "5.0.1"
  resolved "https://registry.yarnpkg.com/json-stringify-safe/-/json-stringify-safe-5.0.1.tgz#1296a2d58fd45f19a0f6ce01d65701e2c735b6eb"
  integrity sha512-ZClg6AaYvamvYEE82d3Iyd3vSSIjQ+odgjaTzRuO3s7toCdFKczob2i0zCh7JE8kWn17yvAWhUVxvqGwUalsRA==

minimist@^1.2.5:
  version "1.2.8"
  resolved "https://registry.yarnpkg.com/minimist/-/minimist-1.2.8.tgz#c1a464e7693302e082a075cee0c057741ac4772c"
  integrity sha512-2yyAR8qBkN3YuheJanUpWC5U3bb5osDywNB8RzDVlDwDHbocAJveqqj1u8+SVD7jkWT4yvsHCpWqqWqAxb0zCA==

ndjson@^2.0.0:
  version "2.0.0"
  resolved "https://registry.yarnpkg.com/ndjson/-/ndjson-2.0.0.tgz#320ac86f6fe53f5681897349b86ac6f43bfa3a19"
  integrity sha512-nGl7LRGrzugTtaFcJMhLbpzJM6XdivmbkdlaGcrk/LXg2KL/YBC6z1g70xh0/al+oFuVFP8N8kiWRucmeEH/qQ==
  dependencies:
    json-stringify-safe "^5.0.1"
    minimist "^1.2.5"
    readable-stream "^3.6.0"
    split2 "^3.0.0"
    through2 "^4.0.0"

readable-stream@3, readable-stream@^3.0.0, readable-stream@^3.6.0:
  version "3.6.2"
  resolved "https://registry.yarnpkg.com/readable-stream/-/readable-stream-3.6.2.tgz#56a9b36ea965c00c5a93ef31eb111a0f11056967"
  integrity sha512-9u/sniCrY3D5WdsERHzHE4G2YCXqoG5FTHUiCC4SIbr6XcLZBY05ya9EKjYek9O5xOAwjGq+1JdGBAS7Q9ScoA==
  dependencies:
    inherits "^2.0.3"
    string_decoder "^1.1.1"
    util-deprecate "^1.0.1"

resolve-pkg-maps@^1.0.0:
  version "1.0.0"
  resolved "https://registry.yarnpkg.com/resolve-pkg-maps/-/resolve-pkg-maps-1.0.0.tgz#616b3dc2c57056b5588c31cdf4b3d64db133720f"
  integrity sha512-seS2Tj26TBVOC2NIc2rOe2y2ZO7efxITtLZcGSOnHHNOQ7CkiUBfw0Iw2ck6xkIhPwLhKNLS8BO+hEpngQlqzw==

safe-buffer@~5.2.0:
  version "5.2.1"
  resolved "https://registry.yarnpkg.com/safe-buffer/-/safe-buffer-5.2.1.tgz#1eaf9fa9bdb1fdd4ec75f58f9cdb4e6b7827eec6"
  integrity sha512-rp3So07KcdmmKbGvgaNxQSJr7bGVSVk5S9Eq1F+ppbRo70+YeaDxkw5Dd8NPN+GD6bjnYm2VuPuCXmpuYvmCXQ==

split2@^3.0.0:
  version "3.2.2"
  resolved "https://registry.yarnpkg.com/split2/-/split2-3.2.2.tgz#bf2cf2a37d838312c249c89206fd7a17dd12365f"
  integrity sha512-9NThjpgZnifTkJpzTZ7Eue85S49QwpNhZTq6GRJwObb6jnLFNGB7Qm73V5HewTROPyxD0C29xqmaI68bQtV+hg==
  dependencies:
    readable-stream "^3.0.0"

string_decoder@^1.1.1:
  version "1.3.0"
  resolved "https://registry.yarnpkg.com/string_decoder/-/string_decoder-1.3.0.tgz#42f114594a46cf1a8e30b0a84f56c78c3edac21e"
  integrity sha512-hkRX8U1WjJFd8LsDJ2yQ/wWWxaopEsABU1XfkM8A+j0+85JAGppt16cr1Whg6KIbb4okU6Mql6BOj+uup/wKeA==
  dependencies:
    safe-buffer "~5.2.0"

through2@^4.0.0:
  version "4.0.2"
  resolved "https://registry.yarnpkg.com/through2/-/through2-4.0.2.tgz#a7ce3ac2a7a8b0b966c80e7c49f0484c3b239764"
  integrity sha512-iOqSav00cVxEEICeD7TjLB1sueEL+81Wpzp2bY17uZjZN0pWZPuo4suZ/61VujxmqSGFfgOcNuTZ85QJwNZQpw==
  dependencies:
    readable-stream "3"

tsx@^4.17.0:
  version "4.17.0"
  resolved "https://registry.yarnpkg.com/tsx/-/tsx-4.17.0.tgz#6ffd9851a0c7aa4ecacf4dc19f28d82112af25c5"
  integrity sha512-eN4mnDA5UMKDt4YZixo9tBioibaMBpoxBkD+rIPAjVmYERSG0/dWEY1CEFuV89CgASlKL499q8AhmkMnnjtOJg==
  dependencies:
    esbuild "~0.23.0"
    get-tsconfig "^4.7.5"
  optionalDependencies:
    fsevents "~2.3.3"

typescript@^5.5.4:
  version "5.5.4"
  resolved "https://registry.yarnpkg.com/typescript/-/typescript-5.5.4.tgz#d9852d6c82bad2d2eda4fd74a5762a8f5909e9ba"
  integrity sha512-Mtq29sKDAEYP7aljRgtPOpTvOfbwRWlS6dPRzwjdE+C0R4brX/GUyhHSecbHMFLNBLcJIPt9nl9yG5TZ1weH+Q==

undici-types@~5.26.4:
  version "5.26.5"
  resolved "https://registry.yarnpkg.com/undici-types/-/undici-types-5.26.5.tgz#bcd539893d00b56e964fd2657a4866b221a65617"
  integrity sha512-JlCMO+ehdEIKqlFxk6IfVoAUVmgz7cU7zD/h9XZ0qzeosSHmUJVOzSQvvYSYWXkFXC+IfLKSIffhv0sVZup6pA==

undici-types@~6.18.2:
  version "6.18.2"
  resolved "https://registry.yarnpkg.com/undici-types/-/undici-types-6.18.2.tgz#8b678cf939d4fc9ec56be3c68ed69c619dee28b0"
  integrity sha512-5ruQbENj95yDYJNS3TvcaxPMshV7aizdv/hWYjGIKoANWKjhWNBsr2YEuYZKodQulB1b8l7ILOuDQep3afowQQ==

util-deprecate@^1.0.1:
  version "1.0.2"
  resolved "https://registry.yarnpkg.com/util-deprecate/-/util-deprecate-1.0.2.tgz#450d4dc9fa70de732762fbd2d4a28981419a0ccf"
  integrity sha512-EPD5q1uXyFxJpCrLnCc1nHnq3gOa6DZBocAIiI2TaSCA7VCJ1UJDMagCzIkXNsUYfD1daK//LTEQ8xiIbrHtcw==
